
Microsoft Visual Studio Solution File, Format Version 12.00
# Visual Studio 2012
Project("{FAE04EC0-301F-11D3-BF4B-00C04F79EFBC}") = "XFormsDemo.Android", "XFormsDemo.Android\XFormsDemo.Android.csproj", "{AE8954E8-3ED7-46F8-8A49-717F715F4D2B}"
EndProject
Project("{FAE04EC0-301F-11D3-BF4B-00C04F79EFBC}") = "XFormsDemo.iOS", "XFormsDemo.iOS\XFormsDemo.iOS.csproj", "{911F1B1A-B7D3-45AF-8EBD-1ECA84FB5DE4}"
EndProject
Project("{FAE04EC0-301F-11D3-BF4B-00C04F79EFBC}") = "XFormsDemo.UITests", "XFormsDemo.UITests\XFormsDemo.UITests.csproj", "{B19C892E-2628-4CA7-AD27-08D406A3B14B}"
EndProject
Project("{D954291E-2A0B-460D-934E-DC6B0785DB48}") = "XFormsDemo", "XFormsDemo\XFormsDemo.shproj", "{9211B23E-94CE-44AD-B049-C52AECBFD243}"
EndProject
Global
	GlobalSection(SolutionConfigurationPlatforms) = preSolution
		Debug|Any CPU = Debug|Any CPU
		Release|Any CPU = Release|Any CPU
		Debug|iPhoneSimulator = Debug|iPhoneSimulator
		Release|iPhoneSimulator = Release|iPhoneSimulator
		Debug|iPhone = Debug|iPhone
		Release|iPhone = Release|iPhone
		Ad-Hoc|iPhone = Ad-Hoc|iPhone
		AppStore|iPhone = AppStore|iPhone
	EndGlobalSection
	GlobalSection(ProjectConfigurationPlatforms) = postSolution
		{AE8954E8-3ED7-46F8-8A49-717F715F4D2B}.Debug|Any CPU.ActiveCfg = Debug|Any CPU
		{AE8954E8-3ED7-46F8-8A49-717F715F4D2B}.Debug|Any CPU.Build.0 = Debug|Any CPU
		{AE8954E8-3ED7-46F8-8A49-717F715F4D2B}.Release|Any CPU.ActiveCfg = Release|Any CPU
		{AE8954E8-3ED7-46F8-8A49-717F715F4D2B}.Release|Any CPU.Build.0 = Release|Any CPU
		{AE8954E8-3ED7-46F8-8A49-717F715F4D2B}.Debug|iPhoneSimulator.ActiveCfg = Debug|Any CPU
		{AE8954E8-3ED7-46F8-8A49-717F715F4D2B}.Debug|iPhoneSimulator.Build.0 = Debug|Any CPU
		{AE8954E8-3ED7-46F8-8A49-717F715F4D2B}.Release|iPhoneSimulator.ActiveCfg = Release|Any CPU
		{AE8954E8-3ED7-46F8-8A49-717F715F4D2B}.Release|iPhoneSimulator.Build.0 = Release|Any CPU
		{AE8954E8-3ED7-46F8-8A49-717F715F4D2B}.Debug|iPhone.ActiveCfg = Debug|Any CPU
		{AE8954E8-3ED7-46F8-8A49-717F715F4D2B}.Debug|iPhone.Build.0 = Debug|Any CPU
		{AE8954E8-3ED7-46F8-8A49-717F715F4D2B}.Release|iPhone.ActiveCfg = Release|Any CPU
		{AE8954E8-3ED7-46F8-8A49-717F715F4D2B}.Release|iPhone.Build.0 = Release|Any CPU
		{AE8954E8-3ED7-46F8-8A49-717F715F4D2B}.Ad-Hoc|iPhone.ActiveCfg = Debug|Any CPU
		{AE8954E8-3ED7-46F8-8A49-717F715F4D2B}.Ad-Hoc|iPhone.Build.0 = Debug|Any CPU
		{AE8954E8-3ED7-46F8-8A49-717F715F4D2B}.AppStore|iPhone.ActiveCfg = Debug|Any CPU
		{AE8954E8-3ED7-46F8-8A49-717F715F4D2B}.AppStore|iPhone.Build.0 = Debug|Any CPU
		{911F1B1A-B7D3-45AF-8EBD-1ECA84FB5DE4}.Debug|Any CPU.ActiveCfg = Debug|iPhoneSimulator
		{911F1B1A-B7D3-45AF-8EBD-1ECA84FB5DE4}.Debug|Any CPU.Build.0 = Debug|iPhoneSimulator
		{911F1B1A-B7D3-45AF-8EBD-1ECA84FB5DE4}.Release|Any CPU.ActiveCfg = Release|iPhoneSimulator
		{911F1B1A-B7D3-45AF-8EBD-1ECA84FB5DE4}.Release|Any CPU.Build.0 = Release|iPhoneSimulator
		{911F1B1A-B7D3-45AF-8EBD-1ECA84FB5DE4}.Debug|iPhoneSimulator.ActiveCfg = Debug|iPhoneSimulator
		{911F1B1A-B7D3-45AF-8EBD-1ECA84FB5DE4}.Debug|iPhoneSimulator.Build.0 = Debug|iPhoneSimulator
		{911F1B1A-B7D3-45AF-8EBD-1ECA84FB5DE4}.Release|iPhoneSimulator.ActiveCfg = Release|iPhoneSimulator
		{911F1B1A-B7D3-45AF-8EBD-1ECA84FB5DE4}.Release|iPhoneSimulator.Build.0 = Release|iPhoneSimulator
		{911F1B1A-B7D3-45AF-8EBD-1ECA84FB5DE4}.Debug|iPhone.ActiveCfg = Debug|iPhone
		{911F1B1A-B7D3-45AF-8EBD-1ECA84FB5DE4}.Debug|iPhone.Build.0 = Debug|iPhone
		{911F1B1A-B7D3-45AF-8EBD-1ECA84FB5DE4}.Release|iPhone.ActiveCfg = Release|iPhone
		{911F1B1A-B7D3-45AF-8EBD-1ECA84FB5DE4}.Release|iPhone.Build.0 = Release|iPhone
		{911F1B1A-B7D3-45AF-8EBD-1ECA84FB5DE4}.Ad-Hoc|iPhone.ActiveCfg = Ad-Hoc|iPhone
		{911F1B1A-B7D3-45AF-8EBD-1ECA84FB5DE4}.Ad-Hoc|iPhone.Build.0 = Ad-Hoc|iPhone
		{911F1B1A-B7D3-45AF-8EBD-1ECA84FB5DE4}.AppStore|iPhone.ActiveCfg = AppStore|iPhone
		{911F1B1A-B7D3-45AF-8EBD-1ECA84FB5DE4}.AppStore|iPhone.Build.0 = AppStore|iPhone
		{B19C892E-2628-4CA7-AD27-08D406A3B14B}.Debug|Any CPU.ActiveCfg = Debug|Any CPU
		{B19C892E-2628-4CA7-AD27-08D406A3B14B}.Debug|Any CPU.Build.0 = Debug|Any CPU
		{B19C892E-2628-4CA7-AD27-08D406A3B14B}.Release|Any CPU.ActiveCfg = Release|Any CPU
		{B19C892E-2628-4CA7-AD27-08D406A3B14B}.Release|Any CPU.Build.0 = Release|Any CPU
		{B19C892E-2628-4CA7-AD27-08D406A3B14B}.Debug|iPhoneSimulator.ActiveCfg = Debug|Any CPU
		{B19C892E-2628-4CA7-AD27-08D406A3B14B}.Debug|iPhoneSimulator.Build.0 = Debug|Any CPU
		{B19C892E-2628-4CA7-AD27-08D406A3B14B}.Release|iPhoneSimulator.ActiveCfg = Release|Any CPU
		{B19C892E-2628-4CA7-AD27-08D406A3B14B}.Release|iPhoneSimulator.Build.0 = Release|Any CPU
		{B19C892E-2628-4CA7-AD27-08D406A3B14B}.Debug|iPhone.ActiveCfg = Debug|Any CPU
		{B19C892E-2628-4CA7-AD27-08D406A3B14B}.Debug|iPhone.Build.0 = Debug|Any CPU
		{B19C892E-2628-4CA7-AD27-08D406A3B14B}.Release|iPhone.ActiveCfg = Release|Any CPU
		{B19C892E-2628-4CA7-AD27-08D406A3B14B}.Release|iPhone.Build.0 = Release|Any CPU
		{B19C892E-2628-4CA7-AD27-08D406A3B14B}.Ad-Hoc|iPhone.ActiveCfg = Debug|Any CPU
		{B19C892E-2628-4CA7-AD27-08D406A3B14B}.Ad-Hoc|iPhone.Build.0 = Debug|Any CPU
		{B19C892E-2628-4CA7-AD27-08D406A3B14B}.AppStore|iPhone.ActiveCfg = Debug|Any CPU
		{B19C892E-2628-4CA7-AD27-08D406A3B14B}.AppStore|iPhone.Build.0 = Debug|Any CPU
	EndGlobalSection
	GlobalSection(MonoDevelopProperties) = preSolution
		Policies = $0
		$0.DotNetNamingPolicy = $1
		$1.DirectoryNamespaceAssociation = PrefixedHierarchical
		$1.ResourceNamePolicy = MSBuild
		$0.StandardHeader = $2
		$0.VersionControlPolicy = $3
	EndGlobalSection
EndGlobal
